
Microsoft Visual Studio Solution File, Format Version 12.00
# Visual Studio Version 17
VisualStudioVersion = 17.0.31903.59
MinimumVisualStudioVersion = 10.0.40219.1
Project("{FAE04EC0-301F-11D3-BF4B-00C04F79EFBC}") = "UnknownCommandSample", "UnknownCommandSample\UnknownCommandSample.csproj", "{000EBEEA-56CF-43A3-8857-1A24803E2C4D}"
EndProject
Project("{FAE04EC0-301F-11D3-BF4B-00C04F79EFBC}") = "Replayer", "Replayer\Replayer.csproj", "{4BD5566A-33ED-474B-9591-D17D9DD4897A}"
EndProject
Project("{FAE04EC0-301F-11D3-BF4B-00C04F79EFBC}") = "Proxy", "Proxy\Proxy.csproj", "{40DFB869-9C41-4339-B1BD-9D208D9B0631}"
EndProject
Global
	GlobalSection(SolutionConfigurationPlatforms) = preSolution
		Debug|Any CPU = Debug|Any CPU
		Release|Any CPU = Release|Any CPU
	EndGlobalSection
	GlobalSection(SolutionProperties) = preSolution
		HideSolutionNode = FALSE
	EndGlobalSection
	GlobalSection(ProjectConfigurationPlatforms) = postSolution
		{000EBEEA-56CF-43A3-8857-1A24803E2C4D}.Debug|Any CPU.ActiveCfg = Debug|Any CPU
		{000EBEEA-56CF-43A3-8857-1A24803E2C4D}.Debug|Any CPU.Build.0 = Debug|Any CPU
		{000EBEEA-56CF-43A3-8857-1A24803E2C4D}.Release|Any CPU.ActiveCfg = Release|Any CPU
		{000EBEEA-56CF-43A3-8857-1A24803E2C4D}.Release|Any CPU.Build.0 = Release|Any CPU
		{4BD5566A-33ED-474B-9591-D17D9DD4897A}.Debug|Any CPU.ActiveCfg = Debug|Any CPU
		{4BD5566A-33ED-474B-9591-D17D9DD4897A}.Debug|Any CPU.Build.0 = Debug|Any CPU
		{4BD5566A-33ED-474B-9591-D17D9DD4897A}.Release|Any CPU.ActiveCfg = Release|Any CPU
		{4BD5566A-33ED-474B-9591-D17D9DD4897A}.Release|Any CPU.Build.0 = Release|Any CPU
		{40DFB869-9C41-4339-B1BD-9D208D9B0631}.Debug|Any CPU.ActiveCfg = Debug|Any CPU
		{40DFB869-9C41-4339-B1BD-9D208D9B0631}.Debug|Any CPU.Build.0 = Debug|Any CPU
		{40DFB869-9C41-4339-B1BD-9D208D9B0631}.Release|Any CPU.ActiveCfg = Release|Any CPU
		{40DFB869-9C41-4339-B1BD-9D208D9B0631}.Release|Any CPU.Build.0 = Release|Any CPU
	EndGlobalSection
EndGlobal
